
Microsoft Visual Studio Solution File, Format Version 12.00
# Visual Studio Version 16
VisualStudioVersion = 16.0.32106.194
MinimumVisualStudioVersion = 10.0.40219.1
Project("{FAE04EC0-301F-11D3-BF4B-00C04F79EFBC}") = "SpringHeroBank", "SpringHeroBank\SpringHeroBank.csproj", "{FEECBE35-E4FA-4957-81C2-6C5C6C05BB53}"
EndProject
Global
	GlobalSection(SolutionConfigurationPlatforms) = preSolution
		Debug|Any CPU = Debug|Any CPU
		Release|Any CPU = Release|Any CPU
	EndGlobalSection
	GlobalSection(ProjectConfigurationPlatforms) = postSolution
		{FEECBE35-E4FA-4957-81C2-6C5C6C05BB53}.Debug|Any CPU.ActiveCfg = Debug|Any CPU
		{FEECBE35-E4FA-4957-81C2-6C5C6C05BB53}.Debug|Any CPU.Build.0 = Debug|Any CPU
		{FEECBE35-E4FA-4957-81C2-6C5C6C05BB53}.Release|Any CPU.ActiveCfg = Release|Any CPU
		{FEECBE35-E4FA-4957-81C2-6C5C6C05BB53}.Release|Any CPU.Build.0 = Release|Any CPU
	EndGlobalSection
	GlobalSection(SolutionProperties) = preSolution
		HideSolutionNode = FALSE
	EndGlobalSection
	GlobalSection(ExtensibilityGlobals) = postSolution
		SolutionGuid = {D59E9F6D-885B-4AAF-B46E-9E0450D16160}
	EndGlobalSection
EndGlobal
